
Microsoft Visual Studio Solution File, Format Version 12.00
# Visual Studio Version 16
VisualStudioVersion = 16.0.31005.135
MinimumVisualStudioVersion = 10.0.40219.1
Project("{FAE04EC0-301F-11D3-BF4B-00C04F79EFBC}") = "Blog_Seminario", "Blog_Seminario\Blog_Seminario.csproj", "{CE78437F-3B71-4BCF-B153-4EAA559B1809}"
EndProject
Global
	GlobalSection(SolutionConfigurationPlatforms) = preSolution
		Debug|Any CPU = Debug|Any CPU
		Release|Any CPU = Release|Any CPU
	EndGlobalSection
	GlobalSection(ProjectConfigurationPlatforms) = postSolution
		{CE78437F-3B71-4BCF-B153-4EAA559B1809}.Debug|Any CPU.ActiveCfg = Debug|Any CPU
		{CE78437F-3B71-4BCF-B153-4EAA559B1809}.Debug|Any CPU.Build.0 = Debug|Any CPU
		{CE78437F-3B71-4BCF-B153-4EAA559B1809}.Release|Any CPU.ActiveCfg = Release|Any CPU
		{CE78437F-3B71-4BCF-B153-4EAA559B1809}.Release|Any CPU.Build.0 = Release|Any CPU
	EndGlobalSection
	GlobalSection(SolutionProperties) = preSolution
		HideSolutionNode = FALSE
	EndGlobalSection
	GlobalSection(ExtensibilityGlobals) = postSolution
		SolutionGuid = {4792BE11-8891-4F30-ADB4-401064D0D17D}
	EndGlobalSection
EndGlobal
